
Microsoft Visual Studio Solution File, Format Version 12.00
# Visual Studio 14
VisualStudioVersion = 14.0.25420.1
MinimumVisualStudioVersion = 10.0.40219.1
Project("{FAE04EC0-301F-11D3-BF4B-00C04F79EFBC}") = "WebLanguage", "WebLanguage\WebLanguage.csproj", "{9C3F76F5-7655-4488-8DD8-4E0245F49098}"
EndProject
Project("{FAE04EC0-301F-11D3-BF4B-00C04F79EFBC}") = "ResourceBuilder", "ResourceBuilder\ResourceBuilder.csproj", "{06017A98-0B22-4801-AB41-D68B0A3597C0}"
EndProject
Global
	GlobalSection(SolutionConfigurationPlatforms) = preSolution
		Debug|Any CPU = Debug|Any CPU
		Release|Any CPU = Release|Any CPU
	EndGlobalSection
	GlobalSection(ProjectConfigurationPlatforms) = postSolution
		{9C3F76F5-7655-4488-8DD8-4E0245F49098}.Debug|Any CPU.ActiveCfg = Debug|Any CPU
		{9C3F76F5-7655-4488-8DD8-4E0245F49098}.Debug|Any CPU.Build.0 = Debug|Any CPU
		{9C3F76F5-7655-4488-8DD8-4E0245F49098}.Release|Any CPU.ActiveCfg = Release|Any CPU
		{9C3F76F5-7655-4488-8DD8-4E0245F49098}.Release|Any CPU.Build.0 = Release|Any CPU
		{06017A98-0B22-4801-AB41-D68B0A3597C0}.Debug|Any CPU.ActiveCfg = Debug|Any CPU
		{06017A98-0B22-4801-AB41-D68B0A3597C0}.Debug|Any CPU.Build.0 = Debug|Any CPU
		{06017A98-0B22-4801-AB41-D68B0A3597C0}.Release|Any CPU.ActiveCfg = Release|Any CPU
		{06017A98-0B22-4801-AB41-D68B0A3597C0}.Release|Any CPU.Build.0 = Release|Any CPU
	EndGlobalSection
	GlobalSection(SolutionProperties) = preSolution
		HideSolutionNode = FALSE
	EndGlobalSection
EndGlobal
